
Microsoft Visual Studio Solution File, Format Version 12.00
# Visual Studio Version 16
VisualStudioVersion = 16.0.28803.156
MinimumVisualStudioVersion = 10.0.40219.1
Project("{9A19103F-16F7-4668-BE54-9A1E7A4F7556}") = "TransportManagment", "TransportManagment\TransportManagment.csproj", "{3A4B4DD9-49EC-4E17-AC37-466A4C83D7F6}"
EndProject
Project("{FAE04EC0-301F-11D3-BF4B-00C04F79EFBC}") = "TransportManagment_DAL", "TransportManagment_DAL\TransportManagment_DAL.csproj", "{5A550A03-BA22-42B4-BAC8-3AC8B4876F81}"
EndProject
Global
	GlobalSection(SolutionConfigurationPlatforms) = preSolution
		Debug|Any CPU = Debug|Any CPU
		Release|Any CPU = Release|Any CPU
	EndGlobalSection
	GlobalSection(ProjectConfigurationPlatforms) = postSolution
		{3A4B4DD9-49EC-4E17-AC37-466A4C83D7F6}.Debug|Any CPU.ActiveCfg = Debug|Any CPU
		{3A4B4DD9-49EC-4E17-AC37-466A4C83D7F6}.Debug|Any CPU.Build.0 = Debug|Any CPU
		{3A4B4DD9-49EC-4E17-AC37-466A4C83D7F6}.Release|Any CPU.ActiveCfg = Release|Any CPU
		{3A4B4DD9-49EC-4E17-AC37-466A4C83D7F6}.Release|Any CPU.Build.0 = Release|Any CPU
		{5A550A03-BA22-42B4-BAC8-3AC8B4876F81}.Debug|Any CPU.ActiveCfg = Debug|Any CPU
		{5A550A03-BA22-42B4-BAC8-3AC8B4876F81}.Debug|Any CPU.Build.0 = Debug|Any CPU
		{5A550A03-BA22-42B4-BAC8-3AC8B4876F81}.Release|Any CPU.ActiveCfg = Release|Any CPU
		{5A550A03-BA22-42B4-BAC8-3AC8B4876F81}.Release|Any CPU.Build.0 = Release|Any CPU
	EndGlobalSection
	GlobalSection(SolutionProperties) = preSolution
		HideSolutionNode = FALSE
	EndGlobalSection
	GlobalSection(ExtensibilityGlobals) = postSolution
		SolutionGuid = {E8A7964D-83BA-439C-B006-9A9E2A513449}
	EndGlobalSection
EndGlobal
